
Microsoft Visual Studio Solution File, Format Version 11.00
# Visual Studio 2010
Project("{8BC9CEB8-8B4A-11D0-8D11-00A0C91BC942}") = "medicine_engine", "medicine_engine\medicine_engine.vcxproj", "{213A89F1-BF6C-4A74-AD40-88BB6824F24C}"
EndProject
Global
	GlobalSection(SolutionConfigurationPlatforms) = preSolution
		Debug|Win32 = Debug|Win32
		Release|Win32 = Release|Win32
	EndGlobalSection
	GlobalSection(ProjectConfigurationPlatforms) = postSolution
		{213A89F1-BF6C-4A74-AD40-88BB6824F24C}.Debug|Win32.ActiveCfg = Debug|Win32
		{213A89F1-BF6C-4A74-AD40-88BB6824F24C}.Debug|Win32.Build.0 = Debug|Win32
		{213A89F1-BF6C-4A74-AD40-88BB6824F24C}.Release|Win32.ActiveCfg = Release|Win32
		{213A89F1-BF6C-4A74-AD40-88BB6824F24C}.Release|Win32.Build.0 = Release|Win32
	EndGlobalSection
	GlobalSection(SolutionProperties) = preSolution
		HideSolutionNode = FALSE
	EndGlobalSection
EndGlobal
